
Microsoft Visual Studio Solution File, Format Version 12.00
# Visual Studio 2013
VisualStudioVersion = 12.0.21005.1
MinimumVisualStudioVersion = 10.0.40219.1
Project("{FAE04EC0-301F-11D3-BF4B-00C04F79EFBC}") = "TestCallContext", "TestCallContext\TestCallContext.csproj", "{5048ECBD-4848-43AD-85FF-E0520FED3585}"
EndProject
Project("{FAE04EC0-301F-11D3-BF4B-00C04F79EFBC}") = "TestStringBuilderCache", "TestStringBuilderCache\TestStringBuilderCache.csproj", "{121C2556-1B63-4A21-8D7E-BDFCB5A465A2}"
EndProject
Project("{FAE04EC0-301F-11D3-BF4B-00C04F79EFBC}") = "Util", "Util\Util.csproj", "{2F42CA9E-47D5-4F64-B11F-B1146EB0BFA1}"
EndProject
Project("{FAE04EC0-301F-11D3-BF4B-00C04F79EFBC}") = "WebCommonTest", "WebCommonTest\WebCommonTest.csproj", "{6D5F7E09-C8E7-45D6-B227-137B7ECCDFC2}"
EndProject
Global
	GlobalSection(SolutionConfigurationPlatforms) = preSolution
		Debug|Any CPU = Debug|Any CPU
		Release|Any CPU = Release|Any CPU
	EndGlobalSection
	GlobalSection(ProjectConfigurationPlatforms) = postSolution
		{5048ECBD-4848-43AD-85FF-E0520FED3585}.Debug|Any CPU.ActiveCfg = Debug|Any CPU
		{5048ECBD-4848-43AD-85FF-E0520FED3585}.Debug|Any CPU.Build.0 = Debug|Any CPU
		{5048ECBD-4848-43AD-85FF-E0520FED3585}.Release|Any CPU.ActiveCfg = Release|Any CPU
		{5048ECBD-4848-43AD-85FF-E0520FED3585}.Release|Any CPU.Build.0 = Release|Any CPU
		{121C2556-1B63-4A21-8D7E-BDFCB5A465A2}.Debug|Any CPU.ActiveCfg = Debug|Any CPU
		{121C2556-1B63-4A21-8D7E-BDFCB5A465A2}.Debug|Any CPU.Build.0 = Debug|Any CPU
		{121C2556-1B63-4A21-8D7E-BDFCB5A465A2}.Release|Any CPU.ActiveCfg = Release|Any CPU
		{121C2556-1B63-4A21-8D7E-BDFCB5A465A2}.Release|Any CPU.Build.0 = Release|Any CPU
		{2F42CA9E-47D5-4F64-B11F-B1146EB0BFA1}.Debug|Any CPU.ActiveCfg = Debug|Any CPU
		{2F42CA9E-47D5-4F64-B11F-B1146EB0BFA1}.Debug|Any CPU.Build.0 = Debug|Any CPU
		{2F42CA9E-47D5-4F64-B11F-B1146EB0BFA1}.Release|Any CPU.ActiveCfg = Release|Any CPU
		{2F42CA9E-47D5-4F64-B11F-B1146EB0BFA1}.Release|Any CPU.Build.0 = Release|Any CPU
		{6D5F7E09-C8E7-45D6-B227-137B7ECCDFC2}.Debug|Any CPU.ActiveCfg = Debug|Any CPU
		{6D5F7E09-C8E7-45D6-B227-137B7ECCDFC2}.Debug|Any CPU.Build.0 = Debug|Any CPU
		{6D5F7E09-C8E7-45D6-B227-137B7ECCDFC2}.Release|Any CPU.ActiveCfg = Release|Any CPU
		{6D5F7E09-C8E7-45D6-B227-137B7ECCDFC2}.Release|Any CPU.Build.0 = Release|Any CPU
	EndGlobalSection
	GlobalSection(SolutionProperties) = preSolution
		HideSolutionNode = FALSE
	EndGlobalSection
EndGlobal
